
Microsoft Visual Studio Solution File, Format Version 12.00
# Visual Studio Version 16
VisualStudioVersion = 16.0.31112.23
MinimumVisualStudioVersion = 10.0.40219.1
Project("{FAE04EC0-301F-11D3-BF4B-00C04F79EFBC}") = "BlazorServerState", "BlazorServerState\BlazorServerState.csproj", "{5D847BBD-83EA-434A-B752-74C3F5AFE2D2}"
EndProject
Global
	GlobalSection(SolutionConfigurationPlatforms) = preSolution
		Debug|Any CPU = Debug|Any CPU
		Release|Any CPU = Release|Any CPU
	EndGlobalSection
	GlobalSection(ProjectConfigurationPlatforms) = postSolution
		{5D847BBD-83EA-434A-B752-74C3F5AFE2D2}.Debug|Any CPU.ActiveCfg = Debug|Any CPU
		{5D847BBD-83EA-434A-B752-74C3F5AFE2D2}.Debug|Any CPU.Build.0 = Debug|Any CPU
		{5D847BBD-83EA-434A-B752-74C3F5AFE2D2}.Release|Any CPU.ActiveCfg = Release|Any CPU
		{5D847BBD-83EA-434A-B752-74C3F5AFE2D2}.Release|Any CPU.Build.0 = Release|Any CPU
	EndGlobalSection
	GlobalSection(SolutionProperties) = preSolution
		HideSolutionNode = FALSE
	EndGlobalSection
	GlobalSection(ExtensibilityGlobals) = postSolution
		SolutionGuid = {BB5386D5-17FF-48B5-905D-11E14AD00802}
	EndGlobalSection
EndGlobal
