
Microsoft Visual Studio Solution File, Format Version 12.00
# Visual Studio Version 16
VisualStudioVersion = 16.0.30907.101
MinimumVisualStudioVersion = 10.0.40219.1
Project("{FAE04EC0-301F-11D3-BF4B-00C04F79EFBC}") = "DataBindingDemo", "DataBindingDemo\DataBindingDemo.csproj", "{65ADC546-7F33-48D2-95DD-A8355928094D}"
EndProject
Global
	GlobalSection(SolutionConfigurationPlatforms) = preSolution
		Debug|Any CPU = Debug|Any CPU
		Release|Any CPU = Release|Any CPU
	EndGlobalSection
	GlobalSection(ProjectConfigurationPlatforms) = postSolution
		{65ADC546-7F33-48D2-95DD-A8355928094D}.Debug|Any CPU.ActiveCfg = Debug|Any CPU
		{65ADC546-7F33-48D2-95DD-A8355928094D}.Debug|Any CPU.Build.0 = Debug|Any CPU
		{65ADC546-7F33-48D2-95DD-A8355928094D}.Release|Any CPU.ActiveCfg = Release|Any CPU
		{65ADC546-7F33-48D2-95DD-A8355928094D}.Release|Any CPU.Build.0 = Release|Any CPU
	EndGlobalSection
	GlobalSection(SolutionProperties) = preSolution
		HideSolutionNode = FALSE
	EndGlobalSection
	GlobalSection(ExtensibilityGlobals) = postSolution
		SolutionGuid = {FD0A6A84-7888-4778-B8D6-8DC2B23D5591}
	EndGlobalSection
EndGlobal
