
Microsoft Visual Studio Solution File, Format Version 12.00
# Visual Studio Version 16
VisualStudioVersion = 16.0.31112.23
MinimumVisualStudioVersion = 10.0.40219.1
Project("{FAE04EC0-301F-11D3-BF4B-00C04F79EFBC}") = "JsInter_ComponentInstanceDemo", "JsInter_ComponentInstanceDemo\JsInter_ComponentInstanceDemo.csproj", "{9BD550C6-FE9B-46D5-9D73-9ACD5F1147B1}"
EndProject
Global
	GlobalSection(SolutionConfigurationPlatforms) = preSolution
		Debug|Any CPU = Debug|Any CPU
		Release|Any CPU = Release|Any CPU
	EndGlobalSection
	GlobalSection(ProjectConfigurationPlatforms) = postSolution
		{9BD550C6-FE9B-46D5-9D73-9ACD5F1147B1}.Debug|Any CPU.ActiveCfg = Debug|Any CPU
		{9BD550C6-FE9B-46D5-9D73-9ACD5F1147B1}.Debug|Any CPU.Build.0 = Debug|Any CPU
		{9BD550C6-FE9B-46D5-9D73-9ACD5F1147B1}.Release|Any CPU.ActiveCfg = Release|Any CPU
		{9BD550C6-FE9B-46D5-9D73-9ACD5F1147B1}.Release|Any CPU.Build.0 = Release|Any CPU
	EndGlobalSection
	GlobalSection(SolutionProperties) = preSolution
		HideSolutionNode = FALSE
	EndGlobalSection
	GlobalSection(ExtensibilityGlobals) = postSolution
		SolutionGuid = {B3D4DB4B-5AFF-4738-83CB-5A16F7AE496D}
	EndGlobalSection
EndGlobal
