
Microsoft Visual Studio Solution File, Format Version 12.00
# Visual Studio Version 17
VisualStudioVersion = 17.11.35208.52
MinimumVisualStudioVersion = 10.0.40219.1
Project("{FAE04EC0-301F-11D3-BF4B-00C04F79EFBC}") = "BWA_ChildComponentReferenceExample", "BWA_ChildComponentReferenceExample.csproj", "{2D8359AB-AA80-493A-BE3A-9FE7CB7BB293}"
EndProject
Global
	GlobalSection(SolutionConfigurationPlatforms) = preSolution
		Debug|Any CPU = Debug|Any CPU
		Release|Any CPU = Release|Any CPU
	EndGlobalSection
	GlobalSection(ProjectConfigurationPlatforms) = postSolution
		{2D8359AB-AA80-493A-BE3A-9FE7CB7BB293}.Debug|Any CPU.ActiveCfg = Debug|Any CPU
		{2D8359AB-AA80-493A-BE3A-9FE7CB7BB293}.Debug|Any CPU.Build.0 = Debug|Any CPU
		{2D8359AB-AA80-493A-BE3A-9FE7CB7BB293}.Release|Any CPU.ActiveCfg = Release|Any CPU
		{2D8359AB-AA80-493A-BE3A-9FE7CB7BB293}.Release|Any CPU.Build.0 = Release|Any CPU
	EndGlobalSection
	GlobalSection(SolutionProperties) = preSolution
		HideSolutionNode = FALSE
	EndGlobalSection
	GlobalSection(ExtensibilityGlobals) = postSolution
		SolutionGuid = {2B84DE47-8441-4F7E-877F-46DFF982541C}
	EndGlobalSection
EndGlobal
