
Microsoft Visual Studio Solution File, Format Version 12.00
# Visual Studio Version 16
VisualStudioVersion = 16.0.31025.194
MinimumVisualStudioVersion = 10.0.40219.1
Project("{FAE04EC0-301F-11D3-BF4B-00C04F79EFBC}") = "AuthenticationDemo.Server", "AuthenticationDemo\Server\AuthenticationDemo.Server.csproj", "{0C7728C6-A1A9-44C5-8552-1F40CF10FE99}"
EndProject
Project("{FAE04EC0-301F-11D3-BF4B-00C04F79EFBC}") = "AuthenticationDemo.Client", "AuthenticationDemo\Client\AuthenticationDemo.Client.csproj", "{8533D2C1-EE1D-4FFE-A7F4-F873DC98A999}"
EndProject
Project("{FAE04EC0-301F-11D3-BF4B-00C04F79EFBC}") = "AuthenticationDemo.Shared", "AuthenticationDemo\Shared\AuthenticationDemo.Shared.csproj", "{7E9222B4-FC0A-4A8A-98B0-D57F00F8A009}"
EndProject
Global
	GlobalSection(SolutionConfigurationPlatforms) = preSolution
		Debug|Any CPU = Debug|Any CPU
		Release|Any CPU = Release|Any CPU
	EndGlobalSection
	GlobalSection(ProjectConfigurationPlatforms) = postSolution
		{0C7728C6-A1A9-44C5-8552-1F40CF10FE99}.Debug|Any CPU.ActiveCfg = Debug|Any CPU
		{0C7728C6-A1A9-44C5-8552-1F40CF10FE99}.Debug|Any CPU.Build.0 = Debug|Any CPU
		{0C7728C6-A1A9-44C5-8552-1F40CF10FE99}.Release|Any CPU.ActiveCfg = Release|Any CPU
		{0C7728C6-A1A9-44C5-8552-1F40CF10FE99}.Release|Any CPU.Build.0 = Release|Any CPU
		{8533D2C1-EE1D-4FFE-A7F4-F873DC98A999}.Debug|Any CPU.ActiveCfg = Debug|Any CPU
		{8533D2C1-EE1D-4FFE-A7F4-F873DC98A999}.Debug|Any CPU.Build.0 = Debug|Any CPU
		{8533D2C1-EE1D-4FFE-A7F4-F873DC98A999}.Release|Any CPU.ActiveCfg = Release|Any CPU
		{8533D2C1-EE1D-4FFE-A7F4-F873DC98A999}.Release|Any CPU.Build.0 = Release|Any CPU
		{7E9222B4-FC0A-4A8A-98B0-D57F00F8A009}.Debug|Any CPU.ActiveCfg = Debug|Any CPU
		{7E9222B4-FC0A-4A8A-98B0-D57F00F8A009}.Debug|Any CPU.Build.0 = Debug|Any CPU
		{7E9222B4-FC0A-4A8A-98B0-D57F00F8A009}.Release|Any CPU.ActiveCfg = Release|Any CPU
		{7E9222B4-FC0A-4A8A-98B0-D57F00F8A009}.Release|Any CPU.Build.0 = Release|Any CPU
	EndGlobalSection
	GlobalSection(SolutionProperties) = preSolution
		HideSolutionNode = FALSE
	EndGlobalSection
	GlobalSection(ExtensibilityGlobals) = postSolution
		SolutionGuid = {E8A80770-B7B7-4826-BB24-F2FDE4C5AE34}
	EndGlobalSection
EndGlobal
