
Microsoft Visual Studio Solution File, Format Version 12.00
# Visual Studio Version 17
VisualStudioVersion = 17.11.35208.52
MinimumVisualStudioVersion = 10.0.40219.1
Project("{FAE04EC0-301F-11D3-BF4B-00C04F79EFBC}") = "BWA_JSInterop2Example", "BWA_JSInterop2Example.csproj", "{EF245F68-3F9E-4269-BCE6-E5EE7D3BE506}"
EndProject
Global
	GlobalSection(SolutionConfigurationPlatforms) = preSolution
		Debug|Any CPU = Debug|Any CPU
		Release|Any CPU = Release|Any CPU
	EndGlobalSection
	GlobalSection(ProjectConfigurationPlatforms) = postSolution
		{EF245F68-3F9E-4269-BCE6-E5EE7D3BE506}.Debug|Any CPU.ActiveCfg = Debug|Any CPU
		{EF245F68-3F9E-4269-BCE6-E5EE7D3BE506}.Debug|Any CPU.Build.0 = Debug|Any CPU
		{EF245F68-3F9E-4269-BCE6-E5EE7D3BE506}.Release|Any CPU.ActiveCfg = Release|Any CPU
		{EF245F68-3F9E-4269-BCE6-E5EE7D3BE506}.Release|Any CPU.Build.0 = Release|Any CPU
	EndGlobalSection
	GlobalSection(SolutionProperties) = preSolution
		HideSolutionNode = FALSE
	EndGlobalSection
	GlobalSection(ExtensibilityGlobals) = postSolution
		SolutionGuid = {1472527D-8936-48F8-A386-E1AF36C3DB29}
	EndGlobalSection
EndGlobal
