
Microsoft Visual Studio Solution File, Format Version 12.00
# Visual Studio Version 16
VisualStudioVersion = 16.0.30907.101
MinimumVisualStudioVersion = 10.0.40219.1
Project("{FAE04EC0-301F-11D3-BF4B-00C04F79EFBC}") = "BlazorComponentParameterExample", "BlazorComponentParameterExample\BlazorComponentParameterExample.csproj", "{55F00F66-B708-4DAD-B013-70B83ED94A7E}"
EndProject
Global
	GlobalSection(SolutionConfigurationPlatforms) = preSolution
		Debug|Any CPU = Debug|Any CPU
		Release|Any CPU = Release|Any CPU
	EndGlobalSection
	GlobalSection(ProjectConfigurationPlatforms) = postSolution
		{55F00F66-B708-4DAD-B013-70B83ED94A7E}.Debug|Any CPU.ActiveCfg = Debug|Any CPU
		{55F00F66-B708-4DAD-B013-70B83ED94A7E}.Debug|Any CPU.Build.0 = Debug|Any CPU
		{55F00F66-B708-4DAD-B013-70B83ED94A7E}.Release|Any CPU.ActiveCfg = Release|Any CPU
		{55F00F66-B708-4DAD-B013-70B83ED94A7E}.Release|Any CPU.Build.0 = Release|Any CPU
	EndGlobalSection
	GlobalSection(SolutionProperties) = preSolution
		HideSolutionNode = FALSE
	EndGlobalSection
	GlobalSection(ExtensibilityGlobals) = postSolution
		SolutionGuid = {AA1B6067-7B14-4603-9183-213267885ADB}
	EndGlobalSection
EndGlobal
