
Microsoft Visual Studio Solution File, Format Version 12.00
# Visual Studio Version 16
VisualStudioVersion = 16.0.31112.23
MinimumVisualStudioVersion = 10.0.40219.1
Project("{FAE04EC0-301F-11D3-BF4B-00C04F79EFBC}") = "JSInterDemo2", "JSInterDemo2\JSInterDemo2.csproj", "{3A06E25D-FCCC-4625-A15B-D8C10BE9E55E}"
EndProject
Global
	GlobalSection(SolutionConfigurationPlatforms) = preSolution
		Debug|Any CPU = Debug|Any CPU
		Release|Any CPU = Release|Any CPU
	EndGlobalSection
	GlobalSection(ProjectConfigurationPlatforms) = postSolution
		{3A06E25D-FCCC-4625-A15B-D8C10BE9E55E}.Debug|Any CPU.ActiveCfg = Debug|Any CPU
		{3A06E25D-FCCC-4625-A15B-D8C10BE9E55E}.Debug|Any CPU.Build.0 = Debug|Any CPU
		{3A06E25D-FCCC-4625-A15B-D8C10BE9E55E}.Release|Any CPU.ActiveCfg = Release|Any CPU
		{3A06E25D-FCCC-4625-A15B-D8C10BE9E55E}.Release|Any CPU.Build.0 = Release|Any CPU
	EndGlobalSection
	GlobalSection(SolutionProperties) = preSolution
		HideSolutionNode = FALSE
	EndGlobalSection
	GlobalSection(ExtensibilityGlobals) = postSolution
		SolutionGuid = {6D95A04B-0235-45F6-8685-0E927005AE62}
	EndGlobalSection
EndGlobal
